
Microsoft Visual Studio Solution File, Format Version 12.00
# Visual Studio Version 17
VisualStudioVersion = 17.4.33205.214
MinimumVisualStudioVersion = 10.0.40219.1
Project("{9A19103F-16F7-4668-BE54-9A1E7A4F7556}") = "Agoda.Builds.Metrics", "Agoda.Builds.Metrics\Agoda.Builds.Metrics.csproj", "{C3544846-AB2C-49F4-94DD-E4F17DCC1C92}"
EndProject
Project("{9A19103F-16F7-4668-BE54-9A1E7A4F7556}") = "Agoda.DevFeedback.Common", "Agoda.DevFeedback.Common\Agoda.DevFeedback.Common.csproj", "{4FB0C309-8A9A-4721-8E07-E7CBAFF2A124}"
EndProject
Project("{9A19103F-16F7-4668-BE54-9A1E7A4F7556}") = "Agoda.DevFeedback.AspNetStartup", "Agoda.DevFeedback.AspNetStartup\Agoda.DevFeedback.AspNetStartup.csproj", "{1CDE58A7-3243-4564-93DA-59EF30475334}"
EndProject
Project("{9A19103F-16F7-4668-BE54-9A1E7A4F7556}") = "Agoda.Tests.Metrics.NUnit", "Agoda.Tests.Metrics.NUnit\Agoda.Tests.Metrics.NUnit.csproj", "{E54150A6-5E21-47C7-947C-7AB6C362A1C9}"
EndProject
Project("{9A19103F-16F7-4668-BE54-9A1E7A4F7556}") = "Agoda.Tests.Metrics.NUnit.Tests", "Agoda.Tests.Metrics.NUnit.Tests\Agoda.Tests.Metrics.NUnit.Tests.csproj", "{C3FD34EE-C8E1-4A48-885D-1E9AC37B3561}"
EndProject
Project("{9A19103F-16F7-4668-BE54-9A1E7A4F7556}") = "Agoda.DevFeedback.Common.Tests", "Agoda.DevFeedback.CommonTests\Agoda.DevFeedback.Common.Tests.csproj", "{A78ACD7D-E485-4FAE-8669-D6A672CF6D3E}"
EndProject
Project("{9A19103F-16F7-4668-BE54-9A1E7A4F7556}") = "Agoda.Tests.Metrics.xUnit", "Agoda.Tests.Metrics.xUnit\Agoda.Tests.Metrics.xUnit.csproj", "{449942D5-1D87-42A9-A74F-0BA5FB9FAC97}"
EndProject
Project("{9A19103F-16F7-4668-BE54-9A1E7A4F7556}") = "Agoda.Tests.Metrics.Tests", "Agoda.Tests.Metrics.Tests\Agoda.Tests.Metrics.Tests.csproj", "{80645931-22CF-4A46-B965-544E7B5D7855}"
EndProject
Project("{9A19103F-16F7-4668-BE54-9A1E7A4F7556}") = "Agoda.Tests.Metrics.xUnit.Tests", "Agoda.Tests.MEtrics.xUnit.Tests\Agoda.Tests.Metrics.xUnit.Tests.csproj", "{66B8CAFD-5EB6-4FF4-B2F5-6D9CE0A71396}"
EndProject
Project("{9A19103F-16F7-4668-BE54-9A1E7A4F7556}") = "Agoda.Tests.Metrics", "Agoda.Tests.Metrics\Agoda.Tests.Metrics.csproj", "{BF73DA9B-5802-4481-BF27-55ACF995E04B}"
EndProject
Global
	GlobalSection(SolutionConfigurationPlatforms) = preSolution
		Debug|Any CPU = Debug|Any CPU
		Release|Any CPU = Release|Any CPU
	EndGlobalSection
	GlobalSection(ProjectConfigurationPlatforms) = postSolution
		{C3544846-AB2C-49F4-94DD-E4F17DCC1C92}.Debug|Any CPU.ActiveCfg = Debug|Any CPU
		{C3544846-AB2C-49F4-94DD-E4F17DCC1C92}.Debug|Any CPU.Build.0 = Debug|Any CPU
		{C3544846-AB2C-49F4-94DD-E4F17DCC1C92}.Release|Any CPU.ActiveCfg = Release|Any CPU
		{C3544846-AB2C-49F4-94DD-E4F17DCC1C92}.Release|Any CPU.Build.0 = Release|Any CPU
		{4FB0C309-8A9A-4721-8E07-E7CBAFF2A124}.Debug|Any CPU.ActiveCfg = Debug|Any CPU
		{4FB0C309-8A9A-4721-8E07-E7CBAFF2A124}.Debug|Any CPU.Build.0 = Debug|Any CPU
		{4FB0C309-8A9A-4721-8E07-E7CBAFF2A124}.Release|Any CPU.ActiveCfg = Release|Any CPU
		{4FB0C309-8A9A-4721-8E07-E7CBAFF2A124}.Release|Any CPU.Build.0 = Release|Any CPU
		{1CDE58A7-3243-4564-93DA-59EF30475334}.Debug|Any CPU.ActiveCfg = Debug|Any CPU
		{1CDE58A7-3243-4564-93DA-59EF30475334}.Debug|Any CPU.Build.0 = Debug|Any CPU
		{1CDE58A7-3243-4564-93DA-59EF30475334}.Release|Any CPU.ActiveCfg = Release|Any CPU
		{1CDE58A7-3243-4564-93DA-59EF30475334}.Release|Any CPU.Build.0 = Release|Any CPU
		{E54150A6-5E21-47C7-947C-7AB6C362A1C9}.Debug|Any CPU.ActiveCfg = Debug|Any CPU
		{E54150A6-5E21-47C7-947C-7AB6C362A1C9}.Debug|Any CPU.Build.0 = Debug|Any CPU
		{E54150A6-5E21-47C7-947C-7AB6C362A1C9}.Release|Any CPU.ActiveCfg = Release|Any CPU
		{E54150A6-5E21-47C7-947C-7AB6C362A1C9}.Release|Any CPU.Build.0 = Release|Any CPU
		{C3FD34EE-C8E1-4A48-885D-1E9AC37B3561}.Debug|Any CPU.ActiveCfg = Debug|Any CPU
		{C3FD34EE-C8E1-4A48-885D-1E9AC37B3561}.Debug|Any CPU.Build.0 = Debug|Any CPU
		{C3FD34EE-C8E1-4A48-885D-1E9AC37B3561}.Release|Any CPU.ActiveCfg = Release|Any CPU
		{C3FD34EE-C8E1-4A48-885D-1E9AC37B3561}.Release|Any CPU.Build.0 = Release|Any CPU
		{A78ACD7D-E485-4FAE-8669-D6A672CF6D3E}.Debug|Any CPU.ActiveCfg = Debug|Any CPU
		{A78ACD7D-E485-4FAE-8669-D6A672CF6D3E}.Debug|Any CPU.Build.0 = Debug|Any CPU
		{A78ACD7D-E485-4FAE-8669-D6A672CF6D3E}.Release|Any CPU.ActiveCfg = Release|Any CPU
		{A78ACD7D-E485-4FAE-8669-D6A672CF6D3E}.Release|Any CPU.Build.0 = Release|Any CPU
		{449942D5-1D87-42A9-A74F-0BA5FB9FAC97}.Debug|Any CPU.ActiveCfg = Debug|Any CPU
		{449942D5-1D87-42A9-A74F-0BA5FB9FAC97}.Debug|Any CPU.Build.0 = Debug|Any CPU
		{449942D5-1D87-42A9-A74F-0BA5FB9FAC97}.Release|Any CPU.ActiveCfg = Release|Any CPU
		{449942D5-1D87-42A9-A74F-0BA5FB9FAC97}.Release|Any CPU.Build.0 = Release|Any CPU
		{80645931-22CF-4A46-B965-544E7B5D7855}.Debug|Any CPU.ActiveCfg = Debug|Any CPU
		{80645931-22CF-4A46-B965-544E7B5D7855}.Debug|Any CPU.Build.0 = Debug|Any CPU
		{80645931-22CF-4A46-B965-544E7B5D7855}.Release|Any CPU.ActiveCfg = Release|Any CPU
		{80645931-22CF-4A46-B965-544E7B5D7855}.Release|Any CPU.Build.0 = Release|Any CPU
		{66B8CAFD-5EB6-4FF4-B2F5-6D9CE0A71396}.Debug|Any CPU.ActiveCfg = Debug|Any CPU
		{66B8CAFD-5EB6-4FF4-B2F5-6D9CE0A71396}.Debug|Any CPU.Build.0 = Debug|Any CPU
		{66B8CAFD-5EB6-4FF4-B2F5-6D9CE0A71396}.Release|Any CPU.ActiveCfg = Release|Any CPU
		{66B8CAFD-5EB6-4FF4-B2F5-6D9CE0A71396}.Release|Any CPU.Build.0 = Release|Any CPU
		{BF73DA9B-5802-4481-BF27-55ACF995E04B}.Debug|Any CPU.ActiveCfg = Debug|Any CPU
		{BF73DA9B-5802-4481-BF27-55ACF995E04B}.Debug|Any CPU.Build.0 = Debug|Any CPU
		{BF73DA9B-5802-4481-BF27-55ACF995E04B}.Release|Any CPU.ActiveCfg = Release|Any CPU
		{BF73DA9B-5802-4481-BF27-55ACF995E04B}.Release|Any CPU.Build.0 = Release|Any CPU
	EndGlobalSection
	GlobalSection(SolutionProperties) = preSolution
		HideSolutionNode = FALSE
	EndGlobalSection
	GlobalSection(ExtensibilityGlobals) = postSolution
		SolutionGuid = {73C67BA4-C728-4B91-8908-F0E3D06C7870}
	EndGlobalSection
EndGlobal
